// !$*UTF8*$!
{
	archiveVersion = 1;
	classes = {
	};
	objectVersion = 50;
	objects = {

/* Begin PBXBuildFile section */
		DAFFCE0C22B4981200FBCBDA /* main.cpp in Sources */ = {isa = PBXBuildFile; fileRef = DAFFCE0B22B4981200FBCBDA /* main.cpp */; };
		DAFFCE1D22B52D5600FBCBDA /* matrix_sum.cl in Sources */ = {isa = PBXBuildFile; fileRef = DAFFCE1C22B52D5600FBCBDA /* matrix_sum.cl */; };
		DAFFCE2022B55FA500FBCBDA /* matrix_substraction.cl in Sources */ = {isa = PBXBuildFile; fileRef = DAFFCE1F22B55FA500FBCBDA /* matrix_substraction.cl */; };
		DAFFCE2322B586A100FBCBDA /* matrix_scalar_multiplication.cl in Sources */ = {isa = PBXBuildFile; fileRef = DAFFCE2122B586A100FBCBDA /* matrix_scalar_multiplication.cl */; };
		DAFFCE2422B586A100FBCBDA /* matrix_dot_product.cl in Sources */ = {isa = PBXBuildFile; fileRef = DAFFCE2222B586A100FBCBDA /* matrix_dot_product.cl */; };
		DAFFCE2722B5920100FBCBDA /* matrix_multiplication.cl in Sources */ = {isa = PBXBuildFile; fileRef = DAFFCE2622B5920100FBCBDA /* matrix_multiplication.cl */; };
		DAFFCE2A22B5C00400FBCBDA /* matrix.cpp in Sources */ = {isa = PBXBuildFile; fileRef = DAFFCE2822B5C00400FBCBDA /* matrix.cpp */; };
/* End PBXBuildFile section */

/* Begin PBXCopyFilesBuildPhase section */
		DAFFCE0622B4981200FBCBDA /* CopyFiles */ = {
			isa = PBXCopyFilesBuildPhase;
			buildActionMask = 2147483647;
			dstPath = /usr/share/man/man1/;
			dstSubfolderSpec = 0;
			files = (
			);
			runOnlyForDeploymentPostprocessing = 1;
		};
/* End PBXCopyFilesBuildPhase section */

/* Begin PBXFileReference section */
		DAFFCE0822B4981200FBCBDA /* concurrent matrix operator */ = {isa = PBXFileReference; explicitFileType = "compiled.mach-o.executable"; includeInIndex = 0; path = "concurrent matrix operator"; sourceTree = BUILT_PRODUCTS_DIR; };
		DAFFCE0B22B4981200FBCBDA /* main.cpp */ = {isa = PBXFileReference; lastKnownFileType = sourcecode.cpp.cpp; path = main.cpp; sourceTree = "<group>"; };
		DAFFCE1C22B52D5600FBCBDA /* matrix_sum.cl */ = {isa = PBXFileReference; fileEncoding = 4; lastKnownFileType = sourcecode.opencl; path = matrix_sum.cl; sourceTree = "<group>"; };
		DAFFCE1F22B55FA500FBCBDA /* matrix_substraction.cl */ = {isa = PBXFileReference; fileEncoding = 4; lastKnownFileType = sourcecode.opencl; path = matrix_substraction.cl; sourceTree = "<group>"; };
		DAFFCE2122B586A100FBCBDA /* matrix_scalar_multiplication.cl */ = {isa = PBXFileReference; fileEncoding = 4; lastKnownFileType = sourcecode.opencl; path = matrix_scalar_multiplication.cl; sourceTree = "<group>"; };
		DAFFCE2222B586A100FBCBDA /* matrix_dot_product.cl */ = {isa = PBXFileReference; fileEncoding = 4; lastKnownFileType = sourcecode.opencl; path = matrix_dot_product.cl; sourceTree = "<group>"; };
		DAFFCE2622B5920100FBCBDA /* matrix_multiplication.cl */ = {isa = PBXFileReference; fileEncoding = 4; lastKnownFileType = sourcecode.opencl; path = matrix_multiplication.cl; sourceTree = "<group>"; };
		DAFFCE2822B5C00400FBCBDA /* matrix.cpp */ = {isa = PBXFileReference; lastKnownFileType = sourcecode.cpp.cpp; path = matrix.cpp; sourceTree = "<group>"; };
		DAFFCE2922B5C00400FBCBDA /* matrix.hpp */ = {isa = PBXFileReference; lastKnownFileType = sourcecode.cpp.h; path = matrix.hpp; sourceTree = "<group>"; };
/* End PBXFileReference section */

/* Begin PBXFrameworksBuildPhase section */
		DAFFCE0522B4981200FBCBDA /* Frameworks */ = {
			isa = PBXFrameworksBuildPhase;
			buildActionMask = 2147483647;
			files = (
			);
			runOnlyForDeploymentPostprocessing = 0;
		};
/* End PBXFrameworksBuildPhase section */

/* Begin PBXGroup section */
		DAFFCDFF22B4981200FBCBDA = {
			isa = PBXGroup;
			children = (
				DAFFCE0A22B4981200FBCBDA /* concurrent matrix operator */,
				DAFFCE0922B4981200FBCBDA /* Products */,
			);
			sourceTree = "<group>";
		};
		DAFFCE0922B4981200FBCBDA /* Products */ = {
			isa = PBXGroup;
			children = (
				DAFFCE0822B4981200FBCBDA /* concurrent matrix operator */,
			);
			name = Products;
			sourceTree = "<group>";
		};
		DAFFCE0A22B4981200FBCBDA /* concurrent matrix operator */ = {
			isa = PBXGroup;
			children = (
				DAFFCE2622B5920100FBCBDA /* matrix_multiplication.cl */,
				DAFFCE2222B586A100FBCBDA /* matrix_dot_product.cl */,
				DAFFCE2122B586A100FBCBDA /* matrix_scalar_multiplication.cl */,
				DAFFCE1F22B55FA500FBCBDA /* matrix_substraction.cl */,
				DAFFCE1C22B52D5600FBCBDA /* matrix_sum.cl */,
				DAFFCE0B22B4981200FBCBDA /* main.cpp */,
				DAFFCE2822B5C00400FBCBDA /* matrix.cpp */,
				DAFFCE2922B5C00400FBCBDA /* matrix.hpp */,
			);
			path = "concurrent matrix operator";
			sourceTree = "<group>";
		};
/* End PBXGroup section */

/* Begin PBXNativeTarget section */
		DAFFCE0722B4981200FBCBDA /* concurrent matrix operator */ = {
			isa = PBXNativeTarget;
			buildConfigurationList = DAFFCE0F22B4981200FBCBDA /* Build configuration list for PBXNativeTarget "concurrent matrix operator" */;
			buildPhases = (
				DAFFCE0422B4981200FBCBDA /* Sources */,
				DAFFCE0522B4981200FBCBDA /* Frameworks */,
				DAFFCE0622B4981200FBCBDA /* CopyFiles */,
			);
			buildRules = (
			);
			dependencies = (
			);
			name = "concurrent matrix operator";
			productName = "concurrent matrix operator";
			productReference = DAFFCE0822B4981200FBCBDA /* concurrent matrix operator */;
			productType = "com.apple.product-type.tool";
		};
/* End PBXNativeTarget section */

/* Begin PBXProject section */
		DAFFCE0022B4981200FBCBDA /* Project object */ = {
			isa = PBXProject;
			attributes = {
				LastUpgradeCheck = 1020;
				ORGANIZATIONNAME = "Enrique Alexandre Burga";
				TargetAttributes = {
					DAFFCE0722B4981200FBCBDA = {
						CreatedOnToolsVersion = 10.2.1;
					};
				};
			};
			buildConfigurationList = DAFFCE0322B4981200FBCBDA /* Build configuration list for PBXProject "concurrent matrix operator" */;
			compatibilityVersion = "Xcode 9.3";
			developmentRegion = en;
			hasScannedForEncodings = 0;
			knownRegions = (
				en,
			);
			mainGroup = DAFFCDFF22B4981200FBCBDA;
			productRefGroup = DAFFCE0922B4981200FBCBDA /* Products */;
			projectDirPath = "";
			projectRoot = "";
			targets = (
				DAFFCE0722B4981200FBCBDA /* concurrent matrix operator */,
			);
		};
/* End PBXProject section */

/* Begin PBXSourcesBuildPhase section */
		DAFFCE0422B4981200FBCBDA /* Sources */ = {
			isa = PBXSourcesBuildPhase;
			buildActionMask = 2147483647;
			files = (
				DAFFCE2322B586A100FBCBDA /* matrix_scalar_multiplication.cl in Sources */,
				DAFFCE0C22B4981200FBCBDA /* main.cpp in Sources */,
				DAFFCE2722B5920100FBCBDA /* matrix_multiplication.cl in Sources */,
				DAFFCE2A22B5C00400FBCBDA /* matrix.cpp in Sources */,
				DAFFCE1D22B52D5600FBCBDA /* matrix_sum.cl in Sources */,
				DAFFCE2422B586A100FBCBDA /* matrix_dot_product.cl in Sources */,
				DAFFCE2022B55FA500FBCBDA /* matrix_substraction.cl in Sources */,
			);
			runOnlyForDeploymentPostprocessing = 0;
		};
/* End PBXSourcesBuildPhase section */

/* Begin XCBuildConfiguration section */
		DAFFCE0D22B4981200FBCBDA /* Debug */ = {
			isa = XCBuildConfiguration;
			buildSettings = {
				ALWAYS_SEARCH_USER_PATHS = NO;
				CLANG_ANALYZER_NONNULL = YES;
				CLANG_ANALYZER_NUMBER_OBJECT_CONVERSION = YES_AGGRESSIVE;
				CLANG_CXX_LANGUAGE_STANDARD = "gnu++14";
				CLANG_CXX_LIBRARY = "libc++";
				CLANG_ENABLE_MODULES = YES;
				CLANG_ENABLE_OBJC_ARC = YES;
				CLANG_ENABLE_OBJC_WEAK = YES;
				CLANG_WARN_BLOCK_CAPTURE_AUTORELEASING = YES;
				CLANG_WARN_BOOL_CONVERSION = YES;
				CLANG_WARN_COMMA = YES;
				CLANG_WARN_CONSTANT_CONVERSION = YES;
				CLANG_WARN_DEPRECATED_OBJC_IMPLEMENTATIONS = YES;
				CLANG_WARN_DIRECT_OBJC_ISA_USAGE = YES_ERROR;
				CLANG_WARN_DOCUMENTATION_COMMENTS = YES;
				CLANG_WARN_EMPTY_BODY = YES;
				CLANG_WARN_ENUM_CONVERSION = YES;
				CLANG_WARN_INFINITE_RECURSION = YES;
				CLANG_WARN_INT_CONVERSION = YES;
				CLANG_WARN_NON_LITERAL_NULL_CONVERSION = YES;
				CLANG_WARN_OBJC_IMPLICIT_RETAIN_SELF = YES;
				CLANG_WARN_OBJC_LITERAL_CONVERSION = YES;
				CLANG_WARN_OBJC_ROOT_CLASS = YES_ERROR;
				CLANG_WARN_RANGE_LOOP_ANALYSIS = YES;
				CLANG_WARN_STRICT_PROTOTYPES = YES;
				CLANG_WARN_SUSPICIOUS_MOVE = YES;
				CLANG_WARN_UNGUARDED_AVAILABILITY = YES_AGGRESSIVE;
				CLANG_WARN_UNREACHABLE_CODE = YES;
				CLANG_WARN__DUPLICATE_METHOD_MATCH = YES;
				CODE_SIGN_IDENTITY = "Mac Developer";
				COPY_PHASE_STRIP = NO;
				DEBUG_INFORMATION_FORMAT = dwarf;
				ENABLE_STRICT_OBJC_MSGSEND = YES;
				ENABLE_TESTABILITY = YES;
				GCC_C_LANGUAGE_STANDARD = gnu11;
				GCC_DYNAMIC_NO_PIC = NO;
				GCC_NO_COMMON_BLOCKS = YES;
				GCC_OPTIMIZATION_LEVEL = 0;
				GCC_PREPROCESSOR_DEFINITIONS = (
					"DEBUG=1",
					"$(inherited)",
				);
				GCC_WARN_64_TO_32_BIT_CONVERSION = YES;
				GCC_WARN_ABOUT_RETURN_TYPE = YES_ERROR;
				GCC_WARN_UNDECLARED_SELECTOR = YES;
				GCC_WARN_UNINITIALIZED_AUTOS = YES_AGGRESSIVE;
				GCC_WARN_UNUSED_FUNCTION = YES;
				GCC_WARN_UNUSED_VARIABLE = YES;
				MACOSX_DEPLOYMENT_TARGET = 10.14;
				MTL_ENABLE_DEBUG_INFO = INCLUDE_SOURCE;
				MTL_FAST_MATH = YES;
				ONLY_ACTIVE_ARCH = YES;
				SDKROOT = macosx;
			};
			name = Debug;
		};
		DAFFCE0E22B4981200FBCBDA /* Release */ = {
			isa = XCBuildConfiguration;
			buildSettings = {
				ALWAYS_SEARCH_USER_PATHS = NO;
				CLANG_ANALYZER_NONNULL = YES;
				CLANG_ANALYZER_NUMBER_OBJECT_CONVERSION = YES_AGGRESSIVE;
				CLANG_CXX_LANGUAGE_STANDARD = "gnu++14";
				CLANG_CXX_LIBRARY = "libc++";
				CLANG_ENABLE_MODULES = YES;
				CLANG_ENABLE_OBJC_ARC = YES;
				CLANG_ENABLE_OBJC_WEAK = YES;
				CLANG_WARN_BLOCK_CAPTURE_AUTORELEASING = YES;
				CLANG_WARN_BOOL_CONVERSION = YES;
				CLANG_WARN_COMMA = YES;
				CLANG_WARN_CONSTANT_CONVERSION = YES;
				CLANG_WARN_DEPRECATED_OBJC_IMPLEMENTATIONS = YES;
				CLANG_WARN_DIRECT_OBJC_ISA_USAGE = YES_ERROR;
				CLANG_WARN_DOCUMENTATION_COMMENTS = YES;
				CLANG_WARN_EMPTY_BODY = YES;
				CLANG_WARN_ENUM_CONVERSION = YES;
				CLANG_WARN_INFINITE_RECURSION = YES;
				CLANG_WARN_INT_CONVERSION = YES;
				CLANG_WARN_NON_LITERAL_NULL_CONVERSION = YES;
				CLANG_WARN_OBJC_IMPLICIT_RETAIN_SELF = YES;
				CLANG_WARN_OBJC_LITERAL_CONVERSION = YES;
				CLANG_WARN_OBJC_ROOT_CLASS = YES_ERROR;
				CLANG_WARN_RANGE_LOOP_ANALYSIS = YES;
				CLANG_WARN_STRICT_PROTOTYPES = YES;
				CLANG_WARN_SUSPICIOUS_MOVE = YES;
				CLANG_WARN_UNGUARDED_AVAILABILITY = YES_AGGRESSIVE;
				CLANG_WARN_UNREACHABLE_CODE = YES;
				CLANG_WARN__DUPLICATE_METHOD_MATCH = YES;
				CODE_SIGN_IDENTITY = "Mac Developer";
				COPY_PHASE_STRIP = NO;
				DEBUG_INFORMATION_FORMAT = "dwarf-with-dsym";
				ENABLE_NS_ASSERTIONS = NO;
				ENABLE_STRICT_OBJC_MSGSEND = YES;
				GCC_C_LANGUAGE_STANDARD = gnu11;
				GCC_NO_COMMON_BLOCKS = YES;
				GCC_WARN_64_TO_32_BIT_CONVERSION = YES;
				GCC_WARN_ABOUT_RETURN_TYPE = YES_ERROR;
				GCC_WARN_UNDECLARED_SELECTOR = YES;
				GCC_WARN_UNINITIALIZED_AUTOS = YES_AGGRESSIVE;
				GCC_WARN_UNUSED_FUNCTION = YES;
				GCC_WARN_UNUSED_VARIABLE = YES;
				MACOSX_DEPLOYMENT_TARGET = 10.14;
				MTL_ENABLE_DEBUG_INFO = NO;
				MTL_FAST_MATH = YES;
				SDKROOT = macosx;
			};
			name = Release;
		};
		DAFFCE1022B4981200FBCBDA /* Debug */ = {
			isa = XCBuildConfiguration;
			buildSettings = {
				CODE_SIGN_STYLE = Automatic;
				DEVELOPMENT_TEAM = XR33RGXJDF;
				PRODUCT_NAME = "$(TARGET_NAME)";
			};
			name = Debug;
		};
		DAFFCE1122B4981200FBCBDA /* Release */ = {
			isa = XCBuildConfiguration;
			buildSettings = {
				CODE_SIGN_STYLE = Automatic;
				DEVELOPMENT_TEAM = XR33RGXJDF;
				PRODUCT_NAME = "$(TARGET_NAME)";
			};
			name = Release;
		};
/* End XCBuildConfiguration section */

/* Begin XCConfigurationList section */
		DAFFCE0322B4981200FBCBDA /* Build configuration list for PBXProject "concurrent matrix operator" */ = {
			isa = XCConfigurationList;
			buildConfigurations = (
				DAFFCE0D22B4981200FBCBDA /* Debug */,
				DAFFCE0E22B4981200FBCBDA /* Release */,
			);
			defaultConfigurationIsVisible = 0;
			defaultConfigurationName = Release;
		};
		DAFFCE0F22B4981200FBCBDA /* Build configuration list for PBXNativeTarget "concurrent matrix operator" */ = {
			isa = XCConfigurationList;
			buildConfigurations = (
				DAFFCE1022B4981200FBCBDA /* Debug */,
				DAFFCE1122B4981200FBCBDA /* Release */,
			);
			defaultConfigurationIsVisible = 0;
			defaultConfigurationName = Release;
		};
/* End XCConfigurationList section */
	};
	rootObject = DAFFCE0022B4981200FBCBDA /* Project object */;
}
